{
  "name": "iota-identity-js-workshop",
  "version": "1.0.0",
  "lockfileVersion": 1,
  "requires": true,
  "dependencies": {
    "iota-identity-wasm-test": {
      "version": "0.0.3",
      "resolved": "https://registry.npmjs.org/iota-identity-wasm-test/-/iota-identity-wasm-test-0.0.3.tgz",
      "integrity": "sha512-qkdIBBI9Yzo0MJ5lCy7zK7c8D4pcf0rtDZdZrQJxO2H8yR5NwF3gL2S9Zv+NHeRVzgIhMx50DZH/hnCtHCi1cA==",
      "requires": {
        "node-fetch": "^2.6.0"
      }
    },
    "node-fetch": {
      "version": "2.6.1",
      "resolved": "https://registry.npmjs.org/node-fetch/-/node-fetch-2.6.1.tgz",
      "integrity": "sha512-V4aYg89jEoVRxRb2fJdAg8FHvI7cEyYdVAh94HH0UIK8oJxUfkjlDQN9RbMx+bEjP7+ggMiFRprSti032Oipxw=="
    }
  }
}
