{
  "name": "iota-identity-js-workshop",
  "version": "1.0.0",
  "lockfileVersion": 1,
  "requires": true,
  "dependencies": {
    "iota-identity-wasm-test": {
      "version": "0.0.2",
      "resolved": "https://registry.npmjs.org/iota-identity-wasm-test/-/iota-identity-wasm-test-0.0.2.tgz",
      "integrity": "sha512-hABSsCxpku8mxt/ugcV63SlIXYa70GOo+b6VHU5BhwzIExokYLdbmArwnoHI8G4TTCqT+Wdo/r1cVk133SlXUg==",
      "requires": {
        "node-fetch": "^2.6.0"
      }
    },
    "node-fetch": {
      "version": "2.6.1",
      "resolved": "https://registry.npmjs.org/node-fetch/-/node-fetch-2.6.1.tgz",
      "integrity": "sha512-V4aYg89jEoVRxRb2fJdAg8FHvI7cEyYdVAh94HH0UIK8oJxUfkjlDQN9RbMx+bEjP7+ggMiFRprSti032Oipxw=="
    }
  }
}
